// !$*UTF8*$!
{
	archiveVersion = 1;
	classes = {
	};
	objectVersion = 55;
	objects = {

/* Begin PBXBuildFile section */
		2907C3FB26908B6900FF1FA0 /* SignUpService.swift in Sources */ = {isa = PBXBuildFile; fileRef = 2907C3FA26908B6900FF1FA0 /* SignUpService.swift */; };
		29827CE1268F2DB800E5AA1B /* Xcode13_beta_testApp.swift in Sources */ = {isa = PBXBuildFile; fileRef = 29827CE0268F2DB800E5AA1B /* Xcode13_beta_testApp.swift */; };
		29827CE3268F2DB800E5AA1B /* WelcomeView.swift in Sources */ = {isa = PBXBuildFile; fileRef = 29827CE2268F2DB800E5AA1B /* WelcomeView.swift */; };
		29827CE5268F2DB900E5AA1B /* Assets.xcassets in Resources */ = {isa = PBXBuildFile; fileRef = 29827CE4268F2DB900E5AA1B /* Assets.xcassets */; };
		29827CE8268F2DB900E5AA1B /* Preview Assets.xcassets in Resources */ = {isa = PBXBuildFile; fileRef = 29827CE7268F2DB900E5AA1B /* Preview Assets.xcassets */; };
		29827CF2268F2DBA00E5AA1B /* Xcode13_beta_testTests.swift in Sources */ = {isa = PBXBuildFile; fileRef = 29827CF1268F2DBA00E5AA1B /* Xcode13_beta_testTests.swift */; };
		29827CFC268F2DBA00E5AA1B /* Xcode13_beta_testUITests.swift in Sources */ = {isa = PBXBuildFile; fileRef = 29827CFB268F2DBA00E5AA1B /* Xcode13_beta_testUITests.swift */; };
		29A0711E268F70DA00DC18BA /* RegisterView.swift in Sources */ = {isa = PBXBuildFile; fileRef = 29A0711D268F70DA00DC18BA /* RegisterView.swift */; };
		29A07123268F774500DC18BA /* SignUp.swift in Sources */ = {isa = PBXBuildFile; fileRef = 29A07122268F774500DC18BA /* SignUp.swift */; };
		29A07125268F976900DC18BA /* RegisterViewModel.swift in Sources */ = {isa = PBXBuildFile; fileRef = 29A07124268F976900DC18BA /* RegisterViewModel.swift */; };
		29D8C5F326906D6900B595BE /* WelcomeViewModel.swift in Sources */ = {isa = PBXBuildFile; fileRef = 29D8C5F226906D6900B595BE /* WelcomeViewModel.swift */; };
		29D8C5F6269076A100B595BE /* FormStyle.swift in Sources */ = {isa = PBXBuildFile; fileRef = 29D8C5F5269076A100B595BE /* FormStyle.swift */; };
		29F924C026910B76006ECE31 /* LoginView.swift in Sources */ = {isa = PBXBuildFile; fileRef = 29F924BF26910B76006ECE31 /* LoginView.swift */; };
		29F924C226910BD2006ECE31 /* LoginViewModel.swift in Sources */ = {isa = PBXBuildFile; fileRef = 29F924C126910BD2006ECE31 /* LoginViewModel.swift */; };
		29F924C426910BFB006ECE31 /* SignInService.swift in Sources */ = {isa = PBXBuildFile; fileRef = 29F924C326910BFB006ECE31 /* SignInService.swift */; };
		29F924C626910C84006ECE31 /* SignIn.swift in Sources */ = {isa = PBXBuildFile; fileRef = 29F924C526910C84006ECE31 /* SignIn.swift */; };
/* End PBXBuildFile section */

/* Begin PBXContainerItemProxy section */
		29827CEE268F2DBA00E5AA1B /* PBXContainerItemProxy */ = {
			isa = PBXContainerItemProxy;
			containerPortal = 29827CD5268F2DB800E5AA1B /* Project object */;
			proxyType = 1;
			remoteGlobalIDString = 29827CDC268F2DB800E5AA1B;
			remoteInfo = "Xcode13-beta-test";
		};
		29827CF8268F2DBA00E5AA1B /* PBXContainerItemProxy */ = {
			isa = PBXContainerItemProxy;
			containerPortal = 29827CD5268F2DB800E5AA1B /* Project object */;
			proxyType = 1;
			remoteGlobalIDString = 29827CDC268F2DB800E5AA1B;
			remoteInfo = "Xcode13-beta-test";
		};
/* End PBXContainerItemProxy section */

/* Begin PBXFileReference section */
		2907C3FA26908B6900FF1FA0 /* SignUpService.swift */ = {isa = PBXFileReference; lastKnownFileType = sourcecode.swift; path = SignUpService.swift; sourceTree = "<group>"; };
		2907C3FC2690BAC700FF1FA0 /* Info.plist */ = {isa = PBXFileReference; lastKnownFileType = text.plist; path = Info.plist; sourceTree = "<group>"; };
		29827CDD268F2DB800E5AA1B /* Xcode13-beta-test.app */ = {isa = PBXFileReference; explicitFileType = wrapper.application; includeInIndex = 0; path = "Xcode13-beta-test.app"; sourceTree = BUILT_PRODUCTS_DIR; };
		29827CE0268F2DB800E5AA1B /* Xcode13_beta_testApp.swift */ = {isa = PBXFileReference; lastKnownFileType = sourcecode.swift; path = Xcode13_beta_testApp.swift; sourceTree = "<group>"; };
		29827CE2268F2DB800E5AA1B /* WelcomeView.swift */ = {isa = PBXFileReference; lastKnownFileType = sourcecode.swift; path = WelcomeView.swift; sourceTree = "<group>"; };
		29827CE4268F2DB900E5AA1B /* Assets.xcassets */ = {isa = PBXFileReference; lastKnownFileType = folder.assetcatalog; path = Assets.xcassets; sourceTree = "<group>"; };
		29827CE7268F2DB900E5AA1B /* Preview Assets.xcassets */ = {isa = PBXFileReference; lastKnownFileType = folder.assetcatalog; path = "Preview Assets.xcassets"; sourceTree = "<group>"; };
		29827CED268F2DBA00E5AA1B /* Xcode13-beta-testTests.xctest */ = {isa = PBXFileReference; explicitFileType = wrapper.cfbundle; includeInIndex = 0; path = "Xcode13-beta-testTests.xctest"; sourceTree = BUILT_PRODUCTS_DIR; };
		29827CF1268F2DBA00E5AA1B /* Xcode13_beta_testTests.swift */ = {isa = PBXFileReference; lastKnownFileType = sourcecode.swift; path = Xcode13_beta_testTests.swift; sourceTree = "<group>"; };
		29827CF7268F2DBA00E5AA1B /* Xcode13-beta-testUITests.xctest */ = {isa = PBXFileReference; explicitFileType = wrapper.cfbundle; includeInIndex = 0; path = "Xcode13-beta-testUITests.xctest"; sourceTree = BUILT_PRODUCTS_DIR; };
		29827CFB268F2DBA00E5AA1B /* Xcode13_beta_testUITests.swift */ = {isa = PBXFileReference; lastKnownFileType = sourcecode.swift; path = Xcode13_beta_testUITests.swift; sourceTree = "<group>"; };
		29A0711D268F70DA00DC18BA /* RegisterView.swift */ = {isa = PBXFileReference; lastKnownFileType = sourcecode.swift; path = RegisterView.swift; sourceTree = "<group>"; };
		29A07122268F774500DC18BA /* SignUp.swift */ = {isa = PBXFileReference; lastKnownFileType = sourcecode.swift; path = SignUp.swift; sourceTree = "<group>"; };
		29A07124268F976900DC18BA /* RegisterViewModel.swift */ = {isa = PBXFileReference; lastKnownFileType = sourcecode.swift; path = RegisterViewModel.swift; sourceTree = "<group>"; };
		29D8C5F226906D6900B595BE /* WelcomeViewModel.swift */ = {isa = PBXFileReference; lastKnownFileType = sourcecode.swift; path = WelcomeViewModel.swift; sourceTree = "<group>"; };
		29D8C5F5269076A100B595BE /* FormStyle.swift */ = {isa = PBXFileReference; lastKnownFileType = sourcecode.swift; path = FormStyle.swift; sourceTree = "<group>"; };
		29F924BF26910B76006ECE31 /* LoginView.swift */ = {isa = PBXFileReference; lastKnownFileType = sourcecode.swift; path = LoginView.swift; sourceTree = "<group>"; };
		29F924C126910BD2006ECE31 /* LoginViewModel.swift */ = {isa = PBXFileReference; lastKnownFileType = sourcecode.swift; path = LoginViewModel.swift; sourceTree = "<group>"; };
		29F924C326910BFB006ECE31 /* SignInService.swift */ = {isa = PBXFileReference; lastKnownFileType = sourcecode.swift; path = SignInService.swift; sourceTree = "<group>"; };
		29F924C526910C84006ECE31 /* SignIn.swift */ = {isa = PBXFileReference; lastKnownFileType = sourcecode.swift; path = SignIn.swift; sourceTree = "<group>"; };
/* End PBXFileReference section */

/* Begin PBXFrameworksBuildPhase section */
		29827CDA268F2DB800E5AA1B /* Frameworks */ = {
			isa = PBXFrameworksBuildPhase;
			buildActionMask = 2147483647;
			files = (
			);
			runOnlyForDeploymentPostprocessing = 0;
		};
		29827CEA268F2DBA00E5AA1B /* Frameworks */ = {
			isa = PBXFrameworksBuildPhase;
			buildActionMask = 2147483647;
			files = (
			);
			runOnlyForDeploymentPostprocessing = 0;
		};
		29827CF4268F2DBA00E5AA1B /* Frameworks */ = {
			isa = PBXFrameworksBuildPhase;
			buildActionMask = 2147483647;
			files = (
			);
			runOnlyForDeploymentPostprocessing = 0;
		};
/* End PBXFrameworksBuildPhase section */

/* Begin PBXGroup section */
		2907C3F826908B3900FF1FA0 /* View */ = {
			isa = PBXGroup;
			children = (
				29D8C5F42690754000B595BE /* Styles */,
				29A0711C268F70AE00DC18BA /* User */,
				29D8C5EF2690654600B595BE /* Welcome */,
			);
			path = View;
			sourceTree = "<group>";
		};
		2907C3F926908B4C00FF1FA0 /* API */ = {
			isa = PBXGroup;
			children = (
				29A07121268F772000DC18BA /* Model */,
				29F924C726910DE6006ECE31 /* Service */,
			);
			path = API;
			sourceTree = "<group>";
		};
		29827CD4268F2DB800E5AA1B = {
			isa = PBXGroup;
			children = (
				29827CDF268F2DB800E5AA1B /* Xcode13-beta-test */,
				29827CF0268F2DBA00E5AA1B /* Xcode13-beta-testTests */,
				29827CFA268F2DBA00E5AA1B /* Xcode13-beta-testUITests */,
				29827CDE268F2DB800E5AA1B /* Products */,
			);
			sourceTree = "<group>";
		};
		29827CDE268F2DB800E5AA1B /* Products */ = {
			isa = PBXGroup;
			children = (
				29827CDD268F2DB800E5AA1B /* Xcode13-beta-test.app */,
				29827CED268F2DBA00E5AA1B /* Xcode13-beta-testTests.xctest */,
				29827CF7268F2DBA00E5AA1B /* Xcode13-beta-testUITests.xctest */,
			);
			name = Products;
			sourceTree = "<group>";
		};
		29827CDF268F2DB800E5AA1B /* Xcode13-beta-test */ = {
			isa = PBXGroup;
			children = (
				2907C3FC2690BAC700FF1FA0 /* Info.plist */,
				2907C3F926908B4C00FF1FA0 /* API */,
				2907C3F826908B3900FF1FA0 /* View */,
				29827CE4268F2DB900E5AA1B /* Assets.xcassets */,
				29827CE6268F2DB900E5AA1B /* Preview Content */,
				29827CE0268F2DB800E5AA1B /* Xcode13_beta_testApp.swift */,
			);
			path = "Xcode13-beta-test";
			sourceTree = "<group>";
		};
		29827CE6268F2DB900E5AA1B /* Preview Content */ = {
			isa = PBXGroup;
			children = (
				29827CE7268F2DB900E5AA1B /* Preview Assets.xcassets */,
			);
			path = "Preview Content";
			sourceTree = "<group>";
		};
		29827CF0268F2DBA00E5AA1B /* Xcode13-beta-testTests */ = {
			isa = PBXGroup;
			children = (
				29827CF1268F2DBA00E5AA1B /* Xcode13_beta_testTests.swift */,
			);
			path = "Xcode13-beta-testTests";
			sourceTree = "<group>";
		};
		29827CFA268F2DBA00E5AA1B /* Xcode13-beta-testUITests */ = {
			isa = PBXGroup;
			children = (
				29827CFB268F2DBA00E5AA1B /* Xcode13_beta_testUITests.swift */,
			);
			path = "Xcode13-beta-testUITests";
			sourceTree = "<group>";
		};
		29A0711C268F70AE00DC18BA /* User */ = {
			isa = PBXGroup;
			children = (
				29A0711F268F736D00DC18BA /* View */,
				29A07120268F737300DC18BA /* ViewModel */,
			);
			path = User;
			sourceTree = "<group>";
		};
		29A0711F268F736D00DC18BA /* View */ = {
			isa = PBXGroup;
			children = (
				29A0711D268F70DA00DC18BA /* RegisterView.swift */,
				29F924BF26910B76006ECE31 /* LoginView.swift */,
			);
			path = View;
			sourceTree = "<group>";
		};
		29A07120268F737300DC18BA /* ViewModel */ = {
			isa = PBXGroup;
			children = (
				29A07124268F976900DC18BA /* RegisterViewModel.swift */,
				29F924C126910BD2006ECE31 /* LoginViewModel.swift */,
			);
			path = ViewModel;
			sourceTree = "<group>";
		};
		29A07121268F772000DC18BA /* Model */ = {
			isa = PBXGroup;
			children = (
				29F924C526910C84006ECE31 /* SignIn.swift */,
				29A07122268F774500DC18BA /* SignUp.swift */,
			);
			path = Model;
			sourceTree = "<group>";
		};
		29D8C5EF2690654600B595BE /* Welcome */ = {
			isa = PBXGroup;
			children = (
				29D8C5F12690655C00B595BE /* View */,
				29D8C5F02690655100B595BE /* ViewModel */,
			);
			path = Welcome;
			sourceTree = "<group>";
		};
		29D8C5F02690655100B595BE /* ViewModel */ = {
			isa = PBXGroup;
			children = (
				29D8C5F226906D6900B595BE /* WelcomeViewModel.swift */,
			);
			path = ViewModel;
			sourceTree = "<group>";
		};
		29D8C5F12690655C00B595BE /* View */ = {
			isa = PBXGroup;
			children = (
				29827CE2268F2DB800E5AA1B /* WelcomeView.swift */,
			);
			path = View;
			sourceTree = "<group>";
		};
		29D8C5F42690754000B595BE /* Styles */ = {
			isa = PBXGroup;
			children = (
				29D8C5F5269076A100B595BE /* FormStyle.swift */,
			);
			path = Styles;
			sourceTree = "<group>";
		};
		29F924C726910DE6006ECE31 /* Service */ = {
			isa = PBXGroup;
			children = (
				2907C3FA26908B6900FF1FA0 /* SignUpService.swift */,
				29F924C326910BFB006ECE31 /* SignInService.swift */,
			);
			path = Service;
			sourceTree = "<group>";
		};
/* End PBXGroup section */

/* Begin PBXNativeTarget section */
		29827CDC268F2DB800E5AA1B /* Xcode13-beta-test */ = {
			isa = PBXNativeTarget;
			buildConfigurationList = 29827CFF268F2DBA00E5AA1B /* Build configuration list for PBXNativeTarget "Xcode13-beta-test" */;
			buildPhases = (
				29827CD9268F2DB800E5AA1B /* Sources */,
				29827CDA268F2DB800E5AA1B /* Frameworks */,
				29827CDB268F2DB800E5AA1B /* Resources */,
			);
			buildRules = (
			);
			dependencies = (
			);
			name = "Xcode13-beta-test";
			productName = "Xcode13-beta-test";
			productReference = 29827CDD268F2DB800E5AA1B /* Xcode13-beta-test.app */;
			productType = "com.apple.product-type.application";
		};
		29827CEC268F2DBA00E5AA1B /* Xcode13-beta-testTests */ = {
			isa = PBXNativeTarget;
			buildConfigurationList = 29827D02268F2DBA00E5AA1B /* Build configuration list for PBXNativeTarget "Xcode13-beta-testTests" */;
			buildPhases = (
				29827CE9268F2DBA00E5AA1B /* Sources */,
				29827CEA268F2DBA00E5AA1B /* Frameworks */,
				29827CEB268F2DBA00E5AA1B /* Resources */,
			);
			buildRules = (
			);
			dependencies = (
				29827CEF268F2DBA00E5AA1B /* PBXTargetDependency */,
			);
			name = "Xcode13-beta-testTests";
			productName = "Xcode13-beta-testTests";
			productReference = 29827CED268F2DBA00E5AA1B /* Xcode13-beta-testTests.xctest */;
			productType = "com.apple.product-type.bundle.unit-test";
		};
		29827CF6268F2DBA00E5AA1B /* Xcode13-beta-testUITests */ = {
			isa = PBXNativeTarget;
			buildConfigurationList = 29827D05268F2DBA00E5AA1B /* Build configuration list for PBXNativeTarget "Xcode13-beta-testUITests" */;
			buildPhases = (
				29827CF3268F2DBA00E5AA1B /* Sources */,
				29827CF4268F2DBA00E5AA1B /* Frameworks */,
				29827CF5268F2DBA00E5AA1B /* Resources */,
			);
			buildRules = (
			);
			dependencies = (
				29827CF9268F2DBA00E5AA1B /* PBXTargetDependency */,
			);
			name = "Xcode13-beta-testUITests";
			productName = "Xcode13-beta-testUITests";
			productReference = 29827CF7268F2DBA00E5AA1B /* Xcode13-beta-testUITests.xctest */;
			productType = "com.apple.product-type.bundle.ui-testing";
		};
/* End PBXNativeTarget section */

/* Begin PBXProject section */
		29827CD5268F2DB800E5AA1B /* Project object */ = {
			isa = PBXProject;
			attributes = {
				BuildIndependentTargetsInParallel = 1;
				LastSwiftUpdateCheck = 1300;
				LastUpgradeCheck = 1300;
				TargetAttributes = {
					29827CDC268F2DB800E5AA1B = {
						CreatedOnToolsVersion = 13.0;
					};
					29827CEC268F2DBA00E5AA1B = {
						CreatedOnToolsVersion = 13.0;
						TestTargetID = 29827CDC268F2DB800E5AA1B;
					};
					29827CF6268F2DBA00E5AA1B = {
						CreatedOnToolsVersion = 13.0;
						TestTargetID = 29827CDC268F2DB800E5AA1B;
					};
				};
			};
			buildConfigurationList = 29827CD8268F2DB800E5AA1B /* Build configuration list for PBXProject "Xcode13-beta-test" */;
			compatibilityVersion = "Xcode 13.0";
			developmentRegion = en;
			hasScannedForEncodings = 0;
			knownRegions = (
				en,
				Base,
			);
			mainGroup = 29827CD4268F2DB800E5AA1B;
			productRefGroup = 29827CDE268F2DB800E5AA1B /* Products */;
			projectDirPath = "";
			projectRoot = "";
			targets = (
				29827CDC268F2DB800E5AA1B /* Xcode13-beta-test */,
				29827CEC268F2DBA00E5AA1B /* Xcode13-beta-testTests */,
				29827CF6268F2DBA00E5AA1B /* Xcode13-beta-testUITests */,
			);
		};
/* End PBXProject section */

/* Begin PBXResourcesBuildPhase section */
		29827CDB268F2DB800E5AA1B /* Resources */ = {
			isa = PBXResourcesBuildPhase;
			buildActionMask = 2147483647;
			files = (
				29827CE8268F2DB900E5AA1B /* Preview Assets.xcassets in Resources */,
				29827CE5268F2DB900E5AA1B /* Assets.xcassets in Resources */,
			);
			runOnlyForDeploymentPostprocessing = 0;
		};
		29827CEB268F2DBA00E5AA1B /* Resources */ = {
			isa = PBXResourcesBuildPhase;
			buildActionMask = 2147483647;
			files = (
			);
			runOnlyForDeploymentPostprocessing = 0;
		};
		29827CF5268F2DBA00E5AA1B /* Resources */ = {
			isa = PBXResourcesBuildPhase;
			buildActionMask = 2147483647;
			files = (
			);
			runOnlyForDeploymentPostprocessing = 0;
		};
/* End PBXResourcesBuildPhase section */

/* Begin PBXSourcesBuildPhase section */
		29827CD9268F2DB800E5AA1B /* Sources */ = {
			isa = PBXSourcesBuildPhase;
			buildActionMask = 2147483647;
			files = (
				29F924C426910BFB006ECE31 /* SignInService.swift in Sources */,
				29D8C5F6269076A100B595BE /* FormStyle.swift in Sources */,
				29A07123268F774500DC18BA /* SignUp.swift in Sources */,
				29D8C5F326906D6900B595BE /* WelcomeViewModel.swift in Sources */,
				29F924C026910B76006ECE31 /* LoginView.swift in Sources */,
				29A07125268F976900DC18BA /* RegisterViewModel.swift in Sources */,
				29A0711E268F70DA00DC18BA /* RegisterView.swift in Sources */,
				29F924C626910C84006ECE31 /* SignIn.swift in Sources */,
				2907C3FB26908B6900FF1FA0 /* SignUpService.swift in Sources */,
				29827CE3268F2DB800E5AA1B /* WelcomeView.swift in Sources */,
				29F924C226910BD2006ECE31 /* LoginViewModel.swift in Sources */,
				29827CE1268F2DB800E5AA1B /* Xcode13_beta_testApp.swift in Sources */,
			);
			runOnlyForDeploymentPostprocessing = 0;
		};
		29827CE9268F2DBA00E5AA1B /* Sources */ = {
			isa = PBXSourcesBuildPhase;
			buildActionMask = 2147483647;
			files = (
				29827CF2268F2DBA00E5AA1B /* Xcode13_beta_testTests.swift in Sources */,
			);
			runOnlyForDeploymentPostprocessing = 0;
		};
		29827CF3268F2DBA00E5AA1B /* Sources */ = {
			isa = PBXSourcesBuildPhase;
			buildActionMask = 2147483647;
			files = (
				29827CFC268F2DBA00E5AA1B /* Xcode13_beta_testUITests.swift in Sources */,
			);
			runOnlyForDeploymentPostprocessing = 0;
		};
/* End PBXSourcesBuildPhase section */

/* Begin PBXTargetDependency section */
		29827CEF268F2DBA00E5AA1B /* PBXTargetDependency */ = {
			isa = PBXTargetDependency;
			target = 29827CDC268F2DB800E5AA1B /* Xcode13-beta-test */;
			targetProxy = 29827CEE268F2DBA00E5AA1B /* PBXContainerItemProxy */;
		};
		29827CF9268F2DBA00E5AA1B /* PBXTargetDependency */ = {
			isa = PBXTargetDependency;
			target = 29827CDC268F2DB800E5AA1B /* Xcode13-beta-test */;
			targetProxy = 29827CF8268F2DBA00E5AA1B /* PBXContainerItemProxy */;
		};
/* End PBXTargetDependency section */

/* Begin XCBuildConfiguration section */
		29827CFD268F2DBA00E5AA1B /* Debug */ = {
			isa = XCBuildConfiguration;
			buildSettings = {
				ALWAYS_SEARCH_USER_PATHS = NO;
				CLANG_ANALYZER_NONNULL = YES;
				CLANG_ANALYZER_NUMBER_OBJECT_CONVERSION = YES_AGGRESSIVE;
				CLANG_CXX_LANGUAGE_STANDARD = "gnu++14";
				CLANG_CXX_LIBRARY = "libc++";
				CLANG_ENABLE_MODULES = YES;
				CLANG_ENABLE_OBJC_ARC = YES;
				CLANG_ENABLE_OBJC_WEAK = YES;
				CLANG_WARN_BLOCK_CAPTURE_AUTORELEASING = YES;
				CLANG_WARN_BOOL_CONVERSION = YES;
				CLANG_WARN_COMMA = YES;
				CLANG_WARN_CONSTANT_CONVERSION = YES;
				CLANG_WARN_DEPRECATED_OBJC_IMPLEMENTATIONS = YES;
				CLANG_WARN_DIRECT_OBJC_ISA_USAGE = YES_ERROR;
				CLANG_WARN_DOCUMENTATION_COMMENTS = YES;
				CLANG_WARN_EMPTY_BODY = YES;
				CLANG_WARN_ENUM_CONVERSION = YES;
				CLANG_WARN_INFINITE_RECURSION = YES;
				CLANG_WARN_INT_CONVERSION = YES;
				CLANG_WARN_NON_LITERAL_NULL_CONVERSION = YES;
				CLANG_WARN_OBJC_IMPLICIT_RETAIN_SELF = YES;
				CLANG_WARN_OBJC_LITERAL_CONVERSION = YES;
				CLANG_WARN_OBJC_ROOT_CLASS = YES_ERROR;
				CLANG_WARN_QUOTED_INCLUDE_IN_FRAMEWORK_HEADER = YES;
				CLANG_WARN_RANGE_LOOP_ANALYSIS = YES;
				CLANG_WARN_STRICT_PROTOTYPES = YES;
				CLANG_WARN_SUSPICIOUS_MOVE = YES;
				CLANG_WARN_UNGUARDED_AVAILABILITY = YES_AGGRESSIVE;
				CLANG_WARN_UNREACHABLE_CODE = YES;
				CLANG_WARN__DUPLICATE_METHOD_MATCH = YES;
				COPY_PHASE_STRIP = NO;
				DEBUG_INFORMATION_FORMAT = dwarf;
				ENABLE_STRICT_OBJC_MSGSEND = YES;
				ENABLE_TESTABILITY = YES;
				GCC_C_LANGUAGE_STANDARD = gnu11;
				GCC_DYNAMIC_NO_PIC = NO;
				GCC_NO_COMMON_BLOCKS = YES;
				GCC_OPTIMIZATION_LEVEL = 0;
				GCC_PREPROCESSOR_DEFINITIONS = (
					"DEBUG=1",
					"$(inherited)",
				);
				GCC_WARN_64_TO_32_BIT_CONVERSION = YES;
				GCC_WARN_ABOUT_RETURN_TYPE = YES_ERROR;
				GCC_WARN_UNDECLARED_SELECTOR = YES;
				GCC_WARN_UNINITIALIZED_AUTOS = YES_AGGRESSIVE;
				GCC_WARN_UNUSED_FUNCTION = YES;
				GCC_WARN_UNUSED_VARIABLE = YES;
				IPHONEOS_DEPLOYMENT_TARGET = 15.0;
				MTL_ENABLE_DEBUG_INFO = INCLUDE_SOURCE;
				MTL_FAST_MATH = YES;
				ONLY_ACTIVE_ARCH = YES;
				SDKROOT = iphoneos;
				SWIFT_ACTIVE_COMPILATION_CONDITIONS = DEBUG;
				SWIFT_OPTIMIZATION_LEVEL = "-Onone";
			};
			name = Debug;
		};
		29827CFE268F2DBA00E5AA1B /* Release */ = {
			isa = XCBuildConfiguration;
			buildSettings = {
				ALWAYS_SEARCH_USER_PATHS = NO;
				CLANG_ANALYZER_NONNULL = YES;
				CLANG_ANALYZER_NUMBER_OBJECT_CONVERSION = YES_AGGRESSIVE;
				CLANG_CXX_LANGUAGE_STANDARD = "gnu++14";
				CLANG_CXX_LIBRARY = "libc++";
				CLANG_ENABLE_MODULES = YES;
				CLANG_ENABLE_OBJC_ARC = YES;
				CLANG_ENABLE_OBJC_WEAK = YES;
				CLANG_WARN_BLOCK_CAPTURE_AUTORELEASING = YES;
				CLANG_WARN_BOOL_CONVERSION = YES;
				CLANG_WARN_COMMA = YES;
				CLANG_WARN_CONSTANT_CONVERSION = YES;
				CLANG_WARN_DEPRECATED_OBJC_IMPLEMENTATIONS = YES;
				CLANG_WARN_DIRECT_OBJC_ISA_USAGE = YES_ERROR;
				CLANG_WARN_DOCUMENTATION_COMMENTS = YES;
				CLANG_WARN_EMPTY_BODY = YES;
				CLANG_WARN_ENUM_CONVERSION = YES;
				CLANG_WARN_INFINITE_RECURSION = YES;
				CLANG_WARN_INT_CONVERSION = YES;
				CLANG_WARN_NON_LITERAL_NULL_CONVERSION = YES;
				CLANG_WARN_OBJC_IMPLICIT_RETAIN_SELF = YES;
				CLANG_WARN_OBJC_LITERAL_CONVERSION = YES;
				CLANG_WARN_OBJC_ROOT_CLASS = YES_ERROR;
				CLANG_WARN_QUOTED_INCLUDE_IN_FRAMEWORK_HEADER = YES;
				CLANG_WARN_RANGE_LOOP_ANALYSIS = YES;
				CLANG_WARN_STRICT_PROTOTYPES = YES;
				CLANG_WARN_SUSPICIOUS_MOVE = YES;
				CLANG_WARN_UNGUARDED_AVAILABILITY = YES_AGGRESSIVE;
				CLANG_WARN_UNREACHABLE_CODE = YES;
				CLANG_WARN__DUPLICATE_METHOD_MATCH = YES;
				COPY_PHASE_STRIP = NO;
				DEBUG_INFORMATION_FORMAT = "dwarf-with-dsym";
				ENABLE_NS_ASSERTIONS = NO;
				ENABLE_STRICT_OBJC_MSGSEND = YES;
				GCC_C_LANGUAGE_STANDARD = gnu11;
				GCC_NO_COMMON_BLOCKS = YES;
				GCC_WARN_64_TO_32_BIT_CONVERSION = YES;
				GCC_WARN_ABOUT_RETURN_TYPE = YES_ERROR;
				GCC_WARN_UNDECLARED_SELECTOR = YES;
				GCC_WARN_UNINITIALIZED_AUTOS = YES_AGGRESSIVE;
				GCC_WARN_UNUSED_FUNCTION = YES;
				GCC_WARN_UNUSED_VARIABLE = YES;
				IPHONEOS_DEPLOYMENT_TARGET = 15.0;
				MTL_ENABLE_DEBUG_INFO = NO;
				MTL_FAST_MATH = YES;
				SDKROOT = iphoneos;
				SWIFT_COMPILATION_MODE = wholemodule;
				SWIFT_OPTIMIZATION_LEVEL = "-O";
				VALIDATE_PRODUCT = YES;
			};
			name = Release;
		};
		29827D00268F2DBA00E5AA1B /* Debug */ = {
			isa = XCBuildConfiguration;
			buildSettings = {
				ASSETCATALOG_COMPILER_APPICON_NAME = AppIcon;
				ASSETCATALOG_COMPILER_GLOBAL_ACCENT_COLOR_NAME = AccentColor;
				CODE_SIGN_STYLE = Automatic;
				CURRENT_PROJECT_VERSION = 1;
				DEVELOPMENT_ASSET_PATHS = "\"Xcode13-beta-test/Preview Content\"";
				DEVELOPMENT_TEAM = BNHT7N597L;
				ENABLE_PREVIEWS = YES;
				GENERATE_INFOPLIST_FILE = YES;
				INFOPLIST_FILE = "Xcode13-beta-test/Info.plist";
				INFOPLIST_KEY_CFBundleExecutable = "Xcode13-beta-test";
				INFOPLIST_KEY_CFBundleName = "Xcode13-beta-test";
				INFOPLIST_KEY_CFBundleVersion = 1;
				INFOPLIST_KEY_UIApplicationSceneManifest_Generation = YES;
				INFOPLIST_KEY_UIApplicationSupportsIndirectInputEvents = YES;
				INFOPLIST_KEY_UILaunchScreen_Generation = YES;
				INFOPLIST_KEY_UISupportedInterfaceOrientations_iPad = "UIInterfaceOrientationPortrait UIInterfaceOrientationPortraitUpsideDown UIInterfaceOrientationLandscapeLeft UIInterfaceOrientationLandscapeRight";
				INFOPLIST_KEY_UISupportedInterfaceOrientations_iPhone = "UIInterfaceOrientationPortrait UIInterfaceOrientationLandscapeLeft UIInterfaceOrientationLandscapeRight";
				IPHONEOS_DEPLOYMENT_TARGET = 15.0;
				LD_RUNPATH_SEARCH_PATHS = (
					"$(inherited)",
					"@executable_path/Frameworks",
				);
				MARKETING_VERSION = 1.0;
				PRODUCT_BUNDLE_IDENTIFIER = "com.inditex.Xcode13-beta-test";
				PRODUCT_NAME = "$(TARGET_NAME)";
				SWIFT_EMIT_LOC_STRINGS = YES;
				SWIFT_VERSION = 5.0;
				TARGETED_DEVICE_FAMILY = "1,2";
			};
			name = Debug;
		};
		29827D01268F2DBA00E5AA1B /* Release */ = {
			isa = XCBuildConfiguration;
			buildSettings = {
				ASSETCATALOG_COMPILER_APPICON_NAME = AppIcon;
				ASSETCATALOG_COMPILER_GLOBAL_ACCENT_COLOR_NAME = AccentColor;
				CODE_SIGN_STYLE = Automatic;
				CURRENT_PROJECT_VERSION = 1;
				DEVELOPMENT_ASSET_PATHS = "\"Xcode13-beta-test/Preview Content\"";
				DEVELOPMENT_TEAM = BNHT7N597L;
				ENABLE_PREVIEWS = YES;
				GENERATE_INFOPLIST_FILE = YES;
				INFOPLIST_FILE = "Xcode13-beta-test/Info.plist";
				INFOPLIST_KEY_CFBundleExecutable = "Xcode13-beta-test";
				INFOPLIST_KEY_CFBundleName = "Xcode13-beta-test";
				INFOPLIST_KEY_CFBundleVersion = 1;
				INFOPLIST_KEY_UIApplicationSceneManifest_Generation = YES;
				INFOPLIST_KEY_UIApplicationSupportsIndirectInputEvents = YES;
				INFOPLIST_KEY_UILaunchScreen_Generation = YES;
				INFOPLIST_KEY_UISupportedInterfaceOrientations_iPad = "UIInterfaceOrientationPortrait UIInterfaceOrientationPortraitUpsideDown UIInterfaceOrientationLandscapeLeft UIInterfaceOrientationLandscapeRight";
				INFOPLIST_KEY_UISupportedInterfaceOrientations_iPhone = "UIInterfaceOrientationPortrait UIInterfaceOrientationLandscapeLeft UIInterfaceOrientationLandscapeRight";
				IPHONEOS_DEPLOYMENT_TARGET = 15.0;
				LD_RUNPATH_SEARCH_PATHS = (
					"$(inherited)",
					"@executable_path/Frameworks",
				);
				MARKETING_VERSION = 1.0;
				PRODUCT_BUNDLE_IDENTIFIER = "com.inditex.Xcode13-beta-test";
				PRODUCT_NAME = "$(TARGET_NAME)";
				SWIFT_EMIT_LOC_STRINGS = YES;
				SWIFT_VERSION = 5.0;
				TARGETED_DEVICE_FAMILY = "1,2";
			};
			name = Release;
		};
		29827D03268F2DBA00E5AA1B /* Debug */ = {
			isa = XCBuildConfiguration;
			buildSettings = {
				ALWAYS_EMBED_SWIFT_STANDARD_LIBRARIES = YES;
				BUNDLE_LOADER = "$(TEST_HOST)";
				CODE_SIGN_STYLE = Automatic;
				CURRENT_PROJECT_VERSION = 1;
				DEVELOPMENT_TEAM = BNHT7N597L;
				GENERATE_INFOPLIST_FILE = YES;
				IPHONEOS_DEPLOYMENT_TARGET = 14.0;
				LD_RUNPATH_SEARCH_PATHS = (
					"$(inherited)",
					"@executable_path/Frameworks",
					"@loader_path/Frameworks",
				);
				MARKETING_VERSION = 1.0;
				PRODUCT_BUNDLE_IDENTIFIER = "com.inditex.Xcode13-beta-testTests";
				PRODUCT_NAME = "$(TARGET_NAME)";
				SWIFT_EMIT_LOC_STRINGS = NO;
				SWIFT_VERSION = 5.0;
				TARGETED_DEVICE_FAMILY = "1,2";
				TEST_HOST = "$(BUILT_PRODUCTS_DIR)/Xcode13-beta-test.app/Xcode13-beta-test";
			};
			name = Debug;
		};
		29827D04268F2DBA00E5AA1B /* Release */ = {
			isa = XCBuildConfiguration;
			buildSettings = {
				ALWAYS_EMBED_SWIFT_STANDARD_LIBRARIES = YES;
				BUNDLE_LOADER = "$(TEST_HOST)";
				CODE_SIGN_STYLE = Automatic;
				CURRENT_PROJECT_VERSION = 1;
				DEVELOPMENT_TEAM = BNHT7N597L;
				GENERATE_INFOPLIST_FILE = YES;
				IPHONEOS_DEPLOYMENT_TARGET = 14.0;
				LD_RUNPATH_SEARCH_PATHS = (
					"$(inherited)",
					"@executable_path/Frameworks",
					"@loader_path/Frameworks",
				);
				MARKETING_VERSION = 1.0;
				PRODUCT_BUNDLE_IDENTIFIER = "com.inditex.Xcode13-beta-testTests";
				PRODUCT_NAME = "$(TARGET_NAME)";
				SWIFT_EMIT_LOC_STRINGS = NO;
				SWIFT_VERSION = 5.0;
				TARGETED_DEVICE_FAMILY = "1,2";
				TEST_HOST = "$(BUILT_PRODUCTS_DIR)/Xcode13-beta-test.app/Xcode13-beta-test";
			};
			name = Release;
		};
		29827D06268F2DBA00E5AA1B /* Debug */ = {
			isa = XCBuildConfiguration;
			buildSettings = {
				ALWAYS_EMBED_SWIFT_STANDARD_LIBRARIES = YES;
				CODE_SIGN_STYLE = Automatic;
				CURRENT_PROJECT_VERSION = 1;
				DEVELOPMENT_TEAM = BNHT7N597L;
				GENERATE_INFOPLIST_FILE = YES;
				LD_RUNPATH_SEARCH_PATHS = (
					"$(inherited)",
					"@executable_path/Frameworks",
					"@loader_path/Frameworks",
				);
				MARKETING_VERSION = 1.0;
				PRODUCT_BUNDLE_IDENTIFIER = "com.inditex.Xcode13-beta-testUITests";
				PRODUCT_NAME = "$(TARGET_NAME)";
				SWIFT_EMIT_LOC_STRINGS = NO;
				SWIFT_VERSION = 5.0;
				TARGETED_DEVICE_FAMILY = "1,2";
				TEST_TARGET_NAME = "Xcode13-beta-test";
			};
			name = Debug;
		};
		29827D07268F2DBA00E5AA1B /* Release */ = {
			isa = XCBuildConfiguration;
			buildSettings = {
				ALWAYS_EMBED_SWIFT_STANDARD_LIBRARIES = YES;
				CODE_SIGN_STYLE = Automatic;
				CURRENT_PROJECT_VERSION = 1;
				DEVELOPMENT_TEAM = BNHT7N597L;
				GENERATE_INFOPLIST_FILE = YES;
				LD_RUNPATH_SEARCH_PATHS = (
					"$(inherited)",
					"@executable_path/Frameworks",
					"@loader_path/Frameworks",
				);
				MARKETING_VERSION = 1.0;
				PRODUCT_BUNDLE_IDENTIFIER = "com.inditex.Xcode13-beta-testUITests";
				PRODUCT_NAME = "$(TARGET_NAME)";
				SWIFT_EMIT_LOC_STRINGS = NO;
				SWIFT_VERSION = 5.0;
				TARGETED_DEVICE_FAMILY = "1,2";
				TEST_TARGET_NAME = "Xcode13-beta-test";
			};
			name = Release;
		};
/* End XCBuildConfiguration section */

/* Begin XCConfigurationList section */
		29827CD8268F2DB800E5AA1B /* Build configuration list for PBXProject "Xcode13-beta-test" */ = {
			isa = XCConfigurationList;
			buildConfigurations = (
				29827CFD268F2DBA00E5AA1B /* Debug */,
				29827CFE268F2DBA00E5AA1B /* Release */,
			);
			defaultConfigurationIsVisible = 0;
			defaultConfigurationName = Release;
		};
		29827CFF268F2DBA00E5AA1B /* Build configuration list for PBXNativeTarget "Xcode13-beta-test" */ = {
			isa = XCConfigurationList;
			buildConfigurations = (
				29827D00268F2DBA00E5AA1B /* Debug */,
				29827D01268F2DBA00E5AA1B /* Release */,
			);
			defaultConfigurationIsVisible = 0;
			defaultConfigurationName = Release;
		};
		29827D02268F2DBA00E5AA1B /* Build configuration list for PBXNativeTarget "Xcode13-beta-testTests" */ = {
			isa = XCConfigurationList;
			buildConfigurations = (
				29827D03268F2DBA00E5AA1B /* Debug */,
				29827D04268F2DBA00E5AA1B /* Release */,
			);
			defaultConfigurationIsVisible = 0;
			defaultConfigurationName = Release;
		};
		29827D05268F2DBA00E5AA1B /* Build configuration list for PBXNativeTarget "Xcode13-beta-testUITests" */ = {
			isa = XCConfigurationList;
			buildConfigurations = (
				29827D06268F2DBA00E5AA1B /* Debug */,
				29827D07268F2DBA00E5AA1B /* Release */,
			);
			defaultConfigurationIsVisible = 0;
			defaultConfigurationName = Release;
		};
/* End XCConfigurationList section */
	};
	rootObject = 29827CD5268F2DB800E5AA1B /* Project object */;
}
